
Microsoft Visual Studio Solution File, Format Version 12.00
# Visual Studio Version 16
VisualStudioVersion = 16.0.29613.14
MinimumVisualStudioVersion = 10.0.40219.1
Project("{FAE04EC0-301F-11D3-BF4B-00C04F79EFBC}") = "WindowsSimpleCalculator", "WindowsSimpleCalculator.csproj", "{05E4D98F-F98F-4913-AC1F-6090C9877D18}"
EndProject
Global
	GlobalSection(SolutionConfigurationPlatforms) = preSolution
		Debug|Any CPU = Debug|Any CPU
		Release|Any CPU = Release|Any CPU
	EndGlobalSection
	GlobalSection(ProjectConfigurationPlatforms) = postSolution
		{05E4D98F-F98F-4913-AC1F-6090C9877D18}.Debug|Any CPU.ActiveCfg = Debug|Any CPU
		{05E4D98F-F98F-4913-AC1F-6090C9877D18}.Debug|Any CPU.Build.0 = Debug|Any CPU
		{05E4D98F-F98F-4913-AC1F-6090C9877D18}.Release|Any CPU.ActiveCfg = Release|Any CPU
		{05E4D98F-F98F-4913-AC1F-6090C9877D18}.Release|Any CPU.Build.0 = Release|Any CPU
	EndGlobalSection
	GlobalSection(SolutionProperties) = preSolution
		HideSolutionNode = FALSE
	EndGlobalSection
	GlobalSection(ExtensibilityGlobals) = postSolution
		SolutionGuid = {3009558E-CEEA-4475-9F02-74594EB2533D}
	EndGlobalSection
EndGlobal
